
Microsoft Visual Studio Solution File, Format Version 12.00
# Visual Studio Version 17
VisualStudioVersion = 17.14.36811.4 d17.14
MinimumVisualStudioVersion = 10.0.40219.1
Project("{FAE04EC0-301F-11D3-BF4B-00C04F79EFBC}") = "GameBackend.Api", "GameBackend.Api.csproj", "{EE03D4A1-FD38-A9A4-5CFA-7C33B29464FD}"
EndProject
Global
	GlobalSection(SolutionConfigurationPlatforms) = preSolution
		Debug|Any CPU = Debug|Any CPU
		Release|Any CPU = Release|Any CPU
	EndGlobalSection
	GlobalSection(ProjectConfigurationPlatforms) = postSolution
		{EE03D4A1-FD38-A9A4-5CFA-7C33B29464FD}.Debug|Any CPU.ActiveCfg = Debug|Any CPU
		{EE03D4A1-FD38-A9A4-5CFA-7C33B29464FD}.Debug|Any CPU.Build.0 = Debug|Any CPU
		{EE03D4A1-FD38-A9A4-5CFA-7C33B29464FD}.Release|Any CPU.ActiveCfg = Release|Any CPU
		{EE03D4A1-FD38-A9A4-5CFA-7C33B29464FD}.Release|Any CPU.Build.0 = Release|Any CPU
	EndGlobalSection
	GlobalSection(SolutionProperties) = preSolution
		HideSolutionNode = FALSE
	EndGlobalSection
	GlobalSection(ExtensibilityGlobals) = postSolution
		SolutionGuid = {6C12A2EC-3E7F-4F78-B0FF-29C2FD929276}
	EndGlobalSection
EndGlobal
